// !$*UTF8*$!
{
	archiveVersion = 1;
	classes = {
	};
	objectVersion = 55;
	objects = {

/* Begin PBXBuildFile section */
		5904457E26879A10A0F6CDF4 /* Pods_MapTestTests.framework in Frameworks */ = {isa = PBXBuildFile; fileRef = 86DCB389B637B32C6C765143 /* Pods_MapTestTests.framework */; };
		EC713B0A28FEFE2B0007B487 /* AppDelegate.swift in Sources */ = {isa = PBXBuildFile; fileRef = EC713B0928FEFE2B0007B487 /* AppDelegate.swift */; };
		EC713B0C28FEFE2B0007B487 /* SceneDelegate.swift in Sources */ = {isa = PBXBuildFile; fileRef = EC713B0B28FEFE2B0007B487 /* SceneDelegate.swift */; };
		EC713B1328FEFE2D0007B487 /* Assets.xcassets in Resources */ = {isa = PBXBuildFile; fileRef = EC713B1228FEFE2D0007B487 /* Assets.xcassets */; };
		EC713B1628FEFE2D0007B487 /* LaunchScreen.storyboard in Resources */ = {isa = PBXBuildFile; fileRef = EC713B1428FEFE2D0007B487 /* LaunchScreen.storyboard */; };
		EC713B2128FEFE2D0007B487 /* MapTestTests.swift in Sources */ = {isa = PBXBuildFile; fileRef = EC713B2028FEFE2D0007B487 /* MapTestTests.swift */; };
		EC713B2B28FEFE2D0007B487 /* MapTestUITests.swift in Sources */ = {isa = PBXBuildFile; fileRef = EC713B2A28FEFE2D0007B487 /* MapTestUITests.swift */; };
		EC713B2D28FEFE2D0007B487 /* MapTestUITestsLaunchTests.swift in Sources */ = {isa = PBXBuildFile; fileRef = EC713B2C28FEFE2D0007B487 /* MapTestUITestsLaunchTests.swift */; };
		EC713B3928FEFF060007B487 /* Pods_MapTest.framework in Frameworks */ = {isa = PBXBuildFile; fileRef = 3C828BD9B098626ADD9BFB4B /* Pods_MapTest.framework */; };
		EC713B3D28FF030B0007B487 /* MapViewController.swift in Sources */ = {isa = PBXBuildFile; fileRef = EC713B3C28FF030B0007B487 /* MapViewController.swift */; };
		F0FE14FC5BD68FFB609C2C16 /* Pods_MapTest_MapTestUITests.framework in Frameworks */ = {isa = PBXBuildFile; fileRef = 73870EE58938FB1D63DE9D6E /* Pods_MapTest_MapTestUITests.framework */; };
/* End PBXBuildFile section */

/* Begin PBXContainerItemProxy section */
		EC713B1D28FEFE2D0007B487 /* PBXContainerItemProxy */ = {
			isa = PBXContainerItemProxy;
			containerPortal = EC713AFE28FEFE2B0007B487 /* Project object */;
			proxyType = 1;
			remoteGlobalIDString = EC713B0528FEFE2B0007B487;
			remoteInfo = MapTest;
		};
		EC713B2728FEFE2D0007B487 /* PBXContainerItemProxy */ = {
			isa = PBXContainerItemProxy;
			containerPortal = EC713AFE28FEFE2B0007B487 /* Project object */;
			proxyType = 1;
			remoteGlobalIDString = EC713B0528FEFE2B0007B487;
			remoteInfo = MapTest;
		};
/* End PBXContainerItemProxy section */

/* Begin PBXFileReference section */
		3C828BD9B098626ADD9BFB4B /* Pods_MapTest.framework */ = {isa = PBXFileReference; explicitFileType = wrapper.framework; includeInIndex = 0; path = Pods_MapTest.framework; sourceTree = BUILT_PRODUCTS_DIR; };
		42EEEB28A60AFCFCD23F4F65 /* Pods-MapTestTests.debug.xcconfig */ = {isa = PBXFileReference; includeInIndex = 1; lastKnownFileType = text.xcconfig; name = "Pods-MapTestTests.debug.xcconfig"; path = "Target Support Files/Pods-MapTestTests/Pods-MapTestTests.debug.xcconfig"; sourceTree = "<group>"; };
		73870EE58938FB1D63DE9D6E /* Pods_MapTest_MapTestUITests.framework */ = {isa = PBXFileReference; explicitFileType = wrapper.framework; includeInIndex = 0; path = Pods_MapTest_MapTestUITests.framework; sourceTree = BUILT_PRODUCTS_DIR; };
		86DCB389B637B32C6C765143 /* Pods_MapTestTests.framework */ = {isa = PBXFileReference; explicitFileType = wrapper.framework; includeInIndex = 0; path = Pods_MapTestTests.framework; sourceTree = BUILT_PRODUCTS_DIR; };
		8F4B59901468840208886BBC /* Pods-MapTest-MapTestUITests.debug.xcconfig */ = {isa = PBXFileReference; includeInIndex = 1; lastKnownFileType = text.xcconfig; name = "Pods-MapTest-MapTestUITests.debug.xcconfig"; path = "Target Support Files/Pods-MapTest-MapTestUITests/Pods-MapTest-MapTestUITests.debug.xcconfig"; sourceTree = "<group>"; };
		9D6A14A958454093591BB3CA /* Pods-MapTestTests.release.xcconfig */ = {isa = PBXFileReference; includeInIndex = 1; lastKnownFileType = text.xcconfig; name = "Pods-MapTestTests.release.xcconfig"; path = "Target Support Files/Pods-MapTestTests/Pods-MapTestTests.release.xcconfig"; sourceTree = "<group>"; };
		A081B10F3295E8DE1BE4051B /* Pods-MapTest.debug.xcconfig */ = {isa = PBXFileReference; includeInIndex = 1; lastKnownFileType = text.xcconfig; name = "Pods-MapTest.debug.xcconfig"; path = "Target Support Files/Pods-MapTest/Pods-MapTest.debug.xcconfig"; sourceTree = "<group>"; };
		AED84BD553F8099B30C57390 /* Pods-MapTest.release.xcconfig */ = {isa = PBXFileReference; includeInIndex = 1; lastKnownFileType = text.xcconfig; name = "Pods-MapTest.release.xcconfig"; path = "Target Support Files/Pods-MapTest/Pods-MapTest.release.xcconfig"; sourceTree = "<group>"; };
		B80137767FCEE4B57BB7C226 /* Pods-MapTest-MapTestUITests.release.xcconfig */ = {isa = PBXFileReference; includeInIndex = 1; lastKnownFileType = text.xcconfig; name = "Pods-MapTest-MapTestUITests.release.xcconfig"; path = "Target Support Files/Pods-MapTest-MapTestUITests/Pods-MapTest-MapTestUITests.release.xcconfig"; sourceTree = "<group>"; };
		EC713B0628FEFE2B0007B487 /* MapTest.app */ = {isa = PBXFileReference; explicitFileType = wrapper.application; includeInIndex = 0; path = MapTest.app; sourceTree = BUILT_PRODUCTS_DIR; };
		EC713B0928FEFE2B0007B487 /* AppDelegate.swift */ = {isa = PBXFileReference; lastKnownFileType = sourcecode.swift; path = AppDelegate.swift; sourceTree = "<group>"; };
		EC713B0B28FEFE2B0007B487 /* SceneDelegate.swift */ = {isa = PBXFileReference; lastKnownFileType = sourcecode.swift; path = SceneDelegate.swift; sourceTree = "<group>"; };
		EC713B1228FEFE2D0007B487 /* Assets.xcassets */ = {isa = PBXFileReference; lastKnownFileType = folder.assetcatalog; path = Assets.xcassets; sourceTree = "<group>"; };
		EC713B1528FEFE2D0007B487 /* Base */ = {isa = PBXFileReference; lastKnownFileType = file.storyboard; name = Base; path = Base.lproj/LaunchScreen.storyboard; sourceTree = "<group>"; };
		EC713B1728FEFE2D0007B487 /* Info.plist */ = {isa = PBXFileReference; lastKnownFileType = text.plist.xml; path = Info.plist; sourceTree = "<group>"; };
		EC713B1C28FEFE2D0007B487 /* MapTestTests.xctest */ = {isa = PBXFileReference; explicitFileType = wrapper.cfbundle; includeInIndex = 0; path = MapTestTests.xctest; sourceTree = BUILT_PRODUCTS_DIR; };
		EC713B2028FEFE2D0007B487 /* MapTestTests.swift */ = {isa = PBXFileReference; lastKnownFileType = sourcecode.swift; path = MapTestTests.swift; sourceTree = "<group>"; };
		EC713B2628FEFE2D0007B487 /* MapTestUITests.xctest */ = {isa = PBXFileReference; explicitFileType = wrapper.cfbundle; includeInIndex = 0; path = MapTestUITests.xctest; sourceTree = BUILT_PRODUCTS_DIR; };
		EC713B2A28FEFE2D0007B487 /* MapTestUITests.swift */ = {isa = PBXFileReference; lastKnownFileType = sourcecode.swift; path = MapTestUITests.swift; sourceTree = "<group>"; };
		EC713B2C28FEFE2D0007B487 /* MapTestUITestsLaunchTests.swift */ = {isa = PBXFileReference; lastKnownFileType = sourcecode.swift; path = MapTestUITestsLaunchTests.swift; sourceTree = "<group>"; };
		EC713B3C28FF030B0007B487 /* MapViewController.swift */ = {isa = PBXFileReference; lastKnownFileType = sourcecode.swift; path = MapViewController.swift; sourceTree = "<group>"; };
/* End PBXFileReference section */

/* Begin PBXFrameworksBuildPhase section */
		EC713B0328FEFE2B0007B487 /* Frameworks */ = {
			isa = PBXFrameworksBuildPhase;
			buildActionMask = 2147483647;
			files = (
				EC713B3928FEFF060007B487 /* Pods_MapTest.framework in Frameworks */,
			);
			runOnlyForDeploymentPostprocessing = 0;
		};
		EC713B1928FEFE2D0007B487 /* Frameworks */ = {
			isa = PBXFrameworksBuildPhase;
			buildActionMask = 2147483647;
			files = (
				5904457E26879A10A0F6CDF4 /* Pods_MapTestTests.framework in Frameworks */,
			);
			runOnlyForDeploymentPostprocessing = 0;
		};
		EC713B2328FEFE2D0007B487 /* Frameworks */ = {
			isa = PBXFrameworksBuildPhase;
			buildActionMask = 2147483647;
			files = (
				F0FE14FC5BD68FFB609C2C16 /* Pods_MapTest_MapTestUITests.framework in Frameworks */,
			);
			runOnlyForDeploymentPostprocessing = 0;
		};
/* End PBXFrameworksBuildPhase section */

/* Begin PBXGroup section */
		04AA5F80A5CF642A7CF51334 /* Pods */ = {
			isa = PBXGroup;
			children = (
				A081B10F3295E8DE1BE4051B /* Pods-MapTest.debug.xcconfig */,
				AED84BD553F8099B30C57390 /* Pods-MapTest.release.xcconfig */,
				8F4B59901468840208886BBC /* Pods-MapTest-MapTestUITests.debug.xcconfig */,
				B80137767FCEE4B57BB7C226 /* Pods-MapTest-MapTestUITests.release.xcconfig */,
				42EEEB28A60AFCFCD23F4F65 /* Pods-MapTestTests.debug.xcconfig */,
				9D6A14A958454093591BB3CA /* Pods-MapTestTests.release.xcconfig */,
			);
			path = Pods;
			sourceTree = "<group>";
		};
		0FC3236E22CB5342EB24BCBF /* Frameworks */ = {
			isa = PBXGroup;
			children = (
				3C828BD9B098626ADD9BFB4B /* Pods_MapTest.framework */,
				73870EE58938FB1D63DE9D6E /* Pods_MapTest_MapTestUITests.framework */,
				86DCB389B637B32C6C765143 /* Pods_MapTestTests.framework */,
			);
			name = Frameworks;
			sourceTree = "<group>";
		};
		EC713AFD28FEFE2B0007B487 = {
			isa = PBXGroup;
			children = (
				EC713B0828FEFE2B0007B487 /* MapTest */,
				EC713B1F28FEFE2D0007B487 /* MapTestTests */,
				EC713B2928FEFE2D0007B487 /* MapTestUITests */,
				EC713B0728FEFE2B0007B487 /* Products */,
				04AA5F80A5CF642A7CF51334 /* Pods */,
				0FC3236E22CB5342EB24BCBF /* Frameworks */,
			);
			sourceTree = "<group>";
		};
		EC713B0728FEFE2B0007B487 /* Products */ = {
			isa = PBXGroup;
			children = (
				EC713B0628FEFE2B0007B487 /* MapTest.app */,
				EC713B1C28FEFE2D0007B487 /* MapTestTests.xctest */,
				EC713B2628FEFE2D0007B487 /* MapTestUITests.xctest */,
			);
			name = Products;
			sourceTree = "<group>";
		};
		EC713B0828FEFE2B0007B487 /* MapTest */ = {
			isa = PBXGroup;
			children = (
				EC713B0928FEFE2B0007B487 /* AppDelegate.swift */,
				EC713B0B28FEFE2B0007B487 /* SceneDelegate.swift */,
				EC713B1228FEFE2D0007B487 /* Assets.xcassets */,
				EC713B1428FEFE2D0007B487 /* LaunchScreen.storyboard */,
				EC713B1728FEFE2D0007B487 /* Info.plist */,
				EC713B3C28FF030B0007B487 /* MapViewController.swift */,
			);
			path = MapTest;
			sourceTree = "<group>";
		};
		EC713B1F28FEFE2D0007B487 /* MapTestTests */ = {
			isa = PBXGroup;
			children = (
				EC713B2028FEFE2D0007B487 /* MapTestTests.swift */,
			);
			path = MapTestTests;
			sourceTree = "<group>";
		};
		EC713B2928FEFE2D0007B487 /* MapTestUITests */ = {
			isa = PBXGroup;
			children = (
				EC713B2A28FEFE2D0007B487 /* MapTestUITests.swift */,
				EC713B2C28FEFE2D0007B487 /* MapTestUITestsLaunchTests.swift */,
			);
			path = MapTestUITests;
			sourceTree = "<group>";
		};
/* End PBXGroup section */

/* Begin PBXNativeTarget section */
		EC713B0528FEFE2B0007B487 /* MapTest */ = {
			isa = PBXNativeTarget;
			buildConfigurationList = EC713B3028FEFE2D0007B487 /* Build configuration list for PBXNativeTarget "MapTest" */;
			buildPhases = (
				969FA94082E4C9A2254622E6 /* [CP] Check Pods Manifest.lock */,
				EC713B0228FEFE2B0007B487 /* Sources */,
				EC713B0328FEFE2B0007B487 /* Frameworks */,
				EC713B0428FEFE2B0007B487 /* Resources */,
				C976566D370F34C28C6D54BF /* [CP] Copy Pods Resources */,
				45804D45AA0DD24796FBCC65 /* [CP] Embed Pods Frameworks */,
			);
			buildRules = (
			);
			dependencies = (
			);
			name = MapTest;
			productName = MapTest;
			productReference = EC713B0628FEFE2B0007B487 /* MapTest.app */;
			productType = "com.apple.product-type.application";
		};
		EC713B1B28FEFE2D0007B487 /* MapTestTests */ = {
			isa = PBXNativeTarget;
			buildConfigurationList = EC713B3328FEFE2D0007B487 /* Build configuration list for PBXNativeTarget "MapTestTests" */;
			buildPhases = (
				5126EF4506B067356470232F /* [CP] Check Pods Manifest.lock */,
				EC713B1828FEFE2D0007B487 /* Sources */,
				EC713B1928FEFE2D0007B487 /* Frameworks */,
				EC713B1A28FEFE2D0007B487 /* Resources */,
			);
			buildRules = (
			);
			dependencies = (
				EC713B1E28FEFE2D0007B487 /* PBXTargetDependency */,
			);
			name = MapTestTests;
			productName = MapTestTests;
			productReference = EC713B1C28FEFE2D0007B487 /* MapTestTests.xctest */;
			productType = "com.apple.product-type.bundle.unit-test";
		};
		EC713B2528FEFE2D0007B487 /* MapTestUITests */ = {
			isa = PBXNativeTarget;
			buildConfigurationList = EC713B3628FEFE2D0007B487 /* Build configuration list for PBXNativeTarget "MapTestUITests" */;
			buildPhases = (
				AE37CFDBF29C32BFCEE262D6 /* [CP] Check Pods Manifest.lock */,
				EC713B2228FEFE2D0007B487 /* Sources */,
				EC713B2328FEFE2D0007B487 /* Frameworks */,
				EC713B2428FEFE2D0007B487 /* Resources */,
				244F969FE276F1134444D27C /* [CP] Copy Pods Resources */,
				8D48C989E1100DED413A17C0 /* [CP] Embed Pods Frameworks */,
			);
			buildRules = (
			);
			dependencies = (
				EC713B2828FEFE2D0007B487 /* PBXTargetDependency */,
			);
			name = MapTestUITests;
			productName = MapTestUITests;
			productReference = EC713B2628FEFE2D0007B487 /* MapTestUITests.xctest */;
			productType = "com.apple.product-type.bundle.ui-testing";
		};
/* End PBXNativeTarget section */

/* Begin PBXProject section */
		EC713AFE28FEFE2B0007B487 /* Project object */ = {
			isa = PBXProject;
			attributes = {
				BuildIndependentTargetsInParallel = 1;
				LastSwiftUpdateCheck = 1340;
				LastUpgradeCheck = 1340;
				TargetAttributes = {
					EC713B0528FEFE2B0007B487 = {
						CreatedOnToolsVersion = 13.4.1;
					};
					EC713B1B28FEFE2D0007B487 = {
						CreatedOnToolsVersion = 13.4.1;
						TestTargetID = EC713B0528FEFE2B0007B487;
					};
					EC713B2528FEFE2D0007B487 = {
						CreatedOnToolsVersion = 13.4.1;
						TestTargetID = EC713B0528FEFE2B0007B487;
					};
				};
			};
			buildConfigurationList = EC713B0128FEFE2B0007B487 /* Build configuration list for PBXProject "MapTest" */;
			compatibilityVersion = "Xcode 13.0";
			developmentRegion = en;
			hasScannedForEncodings = 0;
			knownRegions = (
				en,
				Base,
			);
			mainGroup = EC713AFD28FEFE2B0007B487;
			productRefGroup = EC713B0728FEFE2B0007B487 /* Products */;
			projectDirPath = "";
			projectRoot = "";
			targets = (
				EC713B0528FEFE2B0007B487 /* MapTest */,
				EC713B1B28FEFE2D0007B487 /* MapTestTests */,
				EC713B2528FEFE2D0007B487 /* MapTestUITests */,
			);
		};
/* End PBXProject section */

/* Begin PBXResourcesBuildPhase section */
		EC713B0428FEFE2B0007B487 /* Resources */ = {
			isa = PBXResourcesBuildPhase;
			buildActionMask = 2147483647;
			files = (
				EC713B1628FEFE2D0007B487 /* LaunchScreen.storyboard in Resources */,
				EC713B1328FEFE2D0007B487 /* Assets.xcassets in Resources */,
			);
			runOnlyForDeploymentPostprocessing = 0;
		};
		EC713B1A28FEFE2D0007B487 /* Resources */ = {
			isa = PBXResourcesBuildPhase;
			buildActionMask = 2147483647;
			files = (
			);
			runOnlyForDeploymentPostprocessing = 0;
		};
		EC713B2428FEFE2D0007B487 /* Resources */ = {
			isa = PBXResourcesBuildPhase;
			buildActionMask = 2147483647;
			files = (
			);
			runOnlyForDeploymentPostprocessing = 0;
		};
/* End PBXResourcesBuildPhase section */

/* Begin PBXShellScriptBuildPhase section */
		244F969FE276F1134444D27C /* [CP] Copy Pods Resources */ = {
			isa = PBXShellScriptBuildPhase;
			buildActionMask = 2147483647;
			files = (
			);
			inputFileListPaths = (
				"${PODS_ROOT}/Target Support Files/Pods-MapTest-MapTestUITests/Pods-MapTest-MapTestUITests-resources-${CONFIGURATION}-input-files.xcfilelist",
			);
			name = "[CP] Copy Pods Resources";
			outputFileListPaths = (
				"${PODS_ROOT}/Target Support Files/Pods-MapTest-MapTestUITests/Pods-MapTest-MapTestUITests-resources-${CONFIGURATION}-output-files.xcfilelist",
			);
			runOnlyForDeploymentPostprocessing = 0;
			shellPath = /bin/sh;
			shellScript = "\"${PODS_ROOT}/Target Support Files/Pods-MapTest-MapTestUITests/Pods-MapTest-MapTestUITests-resources.sh\"\n";
			showEnvVarsInLog = 0;
		};
		45804D45AA0DD24796FBCC65 /* [CP] Embed Pods Frameworks */ = {
			isa = PBXShellScriptBuildPhase;
			buildActionMask = 2147483647;
			files = (
			);
			inputFileListPaths = (
				"${PODS_ROOT}/Target Support Files/Pods-MapTest/Pods-MapTest-frameworks-${CONFIGURATION}-input-files.xcfilelist",
			);
			name = "[CP] Embed Pods Frameworks";
			outputFileListPaths = (
				"${PODS_ROOT}/Target Support Files/Pods-MapTest/Pods-MapTest-frameworks-${CONFIGURATION}-output-files.xcfilelist",
			);
			runOnlyForDeploymentPostprocessing = 0;
			shellPath = /bin/sh;
			shellScript = "\"${PODS_ROOT}/Target Support Files/Pods-MapTest/Pods-MapTest-frameworks.sh\"\n";
			showEnvVarsInLog = 0;
		};
		5126EF4506B067356470232F /* [CP] Check Pods Manifest.lock */ = {
			isa = PBXShellScriptBuildPhase;
			buildActionMask = 2147483647;
			files = (
			);
			inputFileListPaths = (
			);
			inputPaths = (
				"${PODS_PODFILE_DIR_PATH}/Podfile.lock",
				"${PODS_ROOT}/Manifest.lock",
			);
			name = "[CP] Check Pods Manifest.lock";
			outputFileListPaths = (
			);
			outputPaths = (
				"$(DERIVED_FILE_DIR)/Pods-MapTestTests-checkManifestLockResult.txt",
			);
			runOnlyForDeploymentPostprocessing = 0;
			shellPath = /bin/sh;
			shellScript = "diff \"${PODS_PODFILE_DIR_PATH}/Podfile.lock\" \"${PODS_ROOT}/Manifest.lock\" > /dev/null\nif [ $? != 0 ] ; then\n    # print error to STDERR\n    echo \"error: The sandbox is not in sync with the Podfile.lock. Run 'pod install' or update your CocoaPods installation.\" >&2\n    exit 1\nfi\n# This output is used by Xcode 'outputs' to avoid re-running this script phase.\necho \"SUCCESS\" > \"${SCRIPT_OUTPUT_FILE_0}\"\n";
			showEnvVarsInLog = 0;
		};
		8D48C989E1100DED413A17C0 /* [CP] Embed Pods Frameworks */ = {
			isa = PBXShellScriptBuildPhase;
			buildActionMask = 2147483647;
			files = (
			);
			inputFileListPaths = (
				"${PODS_ROOT}/Target Support Files/Pods-MapTest-MapTestUITests/Pods-MapTest-MapTestUITests-frameworks-${CONFIGURATION}-input-files.xcfilelist",
			);
			name = "[CP] Embed Pods Frameworks";
			outputFileListPaths = (
				"${PODS_ROOT}/Target Support Files/Pods-MapTest-MapTestUITests/Pods-MapTest-MapTestUITests-frameworks-${CONFIGURATION}-output-files.xcfilelist",
			);
			runOnlyForDeploymentPostprocessing = 0;
			shellPath = /bin/sh;
			shellScript = "\"${PODS_ROOT}/Target Support Files/Pods-MapTest-MapTestUITests/Pods-MapTest-MapTestUITests-frameworks.sh\"\n";
			showEnvVarsInLog = 0;
		};
		969FA94082E4C9A2254622E6 /* [CP] Check Pods Manifest.lock */ = {
			isa = PBXShellScriptBuildPhase;
			buildActionMask = 2147483647;
			files = (
			);
			inputFileListPaths = (
			);
			inputPaths = (
				"${PODS_PODFILE_DIR_PATH}/Podfile.lock",
				"${PODS_ROOT}/Manifest.lock",
			);
			name = "[CP] Check Pods Manifest.lock";
			outputFileListPaths = (
			);
			outputPaths = (
				"$(DERIVED_FILE_DIR)/Pods-MapTest-checkManifestLockResult.txt",
			);
			runOnlyForDeploymentPostprocessing = 0;
			shellPath = /bin/sh;
			shellScript = "diff \"${PODS_PODFILE_DIR_PATH}/Podfile.lock\" \"${PODS_ROOT}/Manifest.lock\" > /dev/null\nif [ $? != 0 ] ; then\n    # print error to STDERR\n    echo \"error: The sandbox is not in sync with the Podfile.lock. Run 'pod install' or update your CocoaPods installation.\" >&2\n    exit 1\nfi\n# This output is used by Xcode 'outputs' to avoid re-running this script phase.\necho \"SUCCESS\" > \"${SCRIPT_OUTPUT_FILE_0}\"\n";
			showEnvVarsInLog = 0;
		};
		AE37CFDBF29C32BFCEE262D6 /* [CP] Check Pods Manifest.lock */ = {
			isa = PBXShellScriptBuildPhase;
			buildActionMask = 2147483647;
			files = (
			);
			inputFileListPaths = (
			);
			inputPaths = (
				"${PODS_PODFILE_DIR_PATH}/Podfile.lock",
				"${PODS_ROOT}/Manifest.lock",
			);
			name = "[CP] Check Pods Manifest.lock";
			outputFileListPaths = (
			);
			outputPaths = (
				"$(DERIVED_FILE_DIR)/Pods-MapTest-MapTestUITests-checkManifestLockResult.txt",
			);
			runOnlyForDeploymentPostprocessing = 0;
			shellPath = /bin/sh;
			shellScript = "diff \"${PODS_PODFILE_DIR_PATH}/Podfile.lock\" \"${PODS_ROOT}/Manifest.lock\" > /dev/null\nif [ $? != 0 ] ; then\n    # print error to STDERR\n    echo \"error: The sandbox is not in sync with the Podfile.lock. Run 'pod install' or update your CocoaPods installation.\" >&2\n    exit 1\nfi\n# This output is used by Xcode 'outputs' to avoid re-running this script phase.\necho \"SUCCESS\" > \"${SCRIPT_OUTPUT_FILE_0}\"\n";
			showEnvVarsInLog = 0;
		};
		C976566D370F34C28C6D54BF /* [CP] Copy Pods Resources */ = {
			isa = PBXShellScriptBuildPhase;
			buildActionMask = 2147483647;
			files = (
			);
			inputFileListPaths = (
				"${PODS_ROOT}/Target Support Files/Pods-MapTest/Pods-MapTest-resources-${CONFIGURATION}-input-files.xcfilelist",
			);
			name = "[CP] Copy Pods Resources";
			outputFileListPaths = (
				"${PODS_ROOT}/Target Support Files/Pods-MapTest/Pods-MapTest-resources-${CONFIGURATION}-output-files.xcfilelist",
			);
			runOnlyForDeploymentPostprocessing = 0;
			shellPath = /bin/sh;
			shellScript = "\"${PODS_ROOT}/Target Support Files/Pods-MapTest/Pods-MapTest-resources.sh\"\n";
			showEnvVarsInLog = 0;
		};
/* End PBXShellScriptBuildPhase section */

/* Begin PBXSourcesBuildPhase section */
		EC713B0228FEFE2B0007B487 /* Sources */ = {
			isa = PBXSourcesBuildPhase;
			buildActionMask = 2147483647;
			files = (
				EC713B0A28FEFE2B0007B487 /* AppDelegate.swift in Sources */,
				EC713B3D28FF030B0007B487 /* MapViewController.swift in Sources */,
				EC713B0C28FEFE2B0007B487 /* SceneDelegate.swift in Sources */,
			);
			runOnlyForDeploymentPostprocessing = 0;
		};
		EC713B1828FEFE2D0007B487 /* Sources */ = {
			isa = PBXSourcesBuildPhase;
			buildActionMask = 2147483647;
			files = (
				EC713B2128FEFE2D0007B487 /* MapTestTests.swift in Sources */,
			);
			runOnlyForDeploymentPostprocessing = 0;
		};
		EC713B2228FEFE2D0007B487 /* Sources */ = {
			isa = PBXSourcesBuildPhase;
			buildActionMask = 2147483647;
			files = (
				EC713B2B28FEFE2D0007B487 /* MapTestUITests.swift in Sources */,
				EC713B2D28FEFE2D0007B487 /* MapTestUITestsLaunchTests.swift in Sources */,
			);
			runOnlyForDeploymentPostprocessing = 0;
		};
/* End PBXSourcesBuildPhase section */

/* Begin PBXTargetDependency section */
		EC713B1E28FEFE2D0007B487 /* PBXTargetDependency */ = {
			isa = PBXTargetDependency;
			target = EC713B0528FEFE2B0007B487 /* MapTest */;
			targetProxy = EC713B1D28FEFE2D0007B487 /* PBXContainerItemProxy */;
		};
		EC713B2828FEFE2D0007B487 /* PBXTargetDependency */ = {
			isa = PBXTargetDependency;
			target = EC713B0528FEFE2B0007B487 /* MapTest */;
			targetProxy = EC713B2728FEFE2D0007B487 /* PBXContainerItemProxy */;
		};
/* End PBXTargetDependency section */

/* Begin PBXVariantGroup section */
		EC713B1428FEFE2D0007B487 /* LaunchScreen.storyboard */ = {
			isa = PBXVariantGroup;
			children = (
				EC713B1528FEFE2D0007B487 /* Base */,
			);
			name = LaunchScreen.storyboard;
			sourceTree = "<group>";
		};
/* End PBXVariantGroup section */

/* Begin XCBuildConfiguration section */
		EC713B2E28FEFE2D0007B487 /* Debug */ = {
			isa = XCBuildConfiguration;
			buildSettings = {
				ALWAYS_SEARCH_USER_PATHS = NO;
				CLANG_ANALYZER_NONNULL = YES;
				CLANG_ANALYZER_NUMBER_OBJECT_CONVERSION = YES_AGGRESSIVE;
				CLANG_CXX_LANGUAGE_STANDARD = "gnu++17";
				CLANG_ENABLE_MODULES = YES;
				CLANG_ENABLE_OBJC_ARC = YES;
				CLANG_ENABLE_OBJC_WEAK = YES;
				CLANG_WARN_BLOCK_CAPTURE_AUTORELEASING = YES;
				CLANG_WARN_BOOL_CONVERSION = YES;
				CLANG_WARN_COMMA = YES;
				CLANG_WARN_CONSTANT_CONVERSION = YES;
				CLANG_WARN_DEPRECATED_OBJC_IMPLEMENTATIONS = YES;
				CLANG_WARN_DIRECT_OBJC_ISA_USAGE = YES_ERROR;
				CLANG_WARN_DOCUMENTATION_COMMENTS = YES;
				CLANG_WARN_EMPTY_BODY = YES;
				CLANG_WARN_ENUM_CONVERSION = YES;
				CLANG_WARN_INFINITE_RECURSION = YES;
				CLANG_WARN_INT_CONVERSION = YES;
				CLANG_WARN_NON_LITERAL_NULL_CONVERSION = YES;
				CLANG_WARN_OBJC_IMPLICIT_RETAIN_SELF = YES;
				CLANG_WARN_OBJC_LITERAL_CONVERSION = YES;
				CLANG_WARN_OBJC_ROOT_CLASS = YES_ERROR;
				CLANG_WARN_QUOTED_INCLUDE_IN_FRAMEWORK_HEADER = YES;
				CLANG_WARN_RANGE_LOOP_ANALYSIS = YES;
				CLANG_WARN_STRICT_PROTOTYPES = YES;
				CLANG_WARN_SUSPICIOUS_MOVE = YES;
				CLANG_WARN_UNGUARDED_AVAILABILITY = YES_AGGRESSIVE;
				CLANG_WARN_UNREACHABLE_CODE = YES;
				CLANG_WARN__DUPLICATE_METHOD_MATCH = YES;
				COPY_PHASE_STRIP = NO;
				DEBUG_INFORMATION_FORMAT = dwarf;
				ENABLE_STRICT_OBJC_MSGSEND = YES;
				ENABLE_TESTABILITY = YES;
				"EXCLUDED_ARCHS[sdk=iphonesimulator*]" = arm64;
				GCC_C_LANGUAGE_STANDARD = gnu11;
				GCC_DYNAMIC_NO_PIC = NO;
				GCC_NO_COMMON_BLOCKS = YES;
				GCC_OPTIMIZATION_LEVEL = 0;
				GCC_PREPROCESSOR_DEFINITIONS = (
					"DEBUG=1",
					"$(inherited)",
				);
				GCC_WARN_64_TO_32_BIT_CONVERSION = YES;
				GCC_WARN_ABOUT_RETURN_TYPE = YES_ERROR;
				GCC_WARN_UNDECLARED_SELECTOR = YES;
				GCC_WARN_UNINITIALIZED_AUTOS = YES_AGGRESSIVE;
				GCC_WARN_UNUSED_FUNCTION = YES;
				GCC_WARN_UNUSED_VARIABLE = YES;
				IPHONEOS_DEPLOYMENT_TARGET = 15.5;
				MTL_ENABLE_DEBUG_INFO = INCLUDE_SOURCE;
				MTL_FAST_MATH = YES;
				ONLY_ACTIVE_ARCH = YES;
				SDKROOT = iphoneos;
				SWIFT_ACTIVE_COMPILATION_CONDITIONS = DEBUG;
				SWIFT_OPTIMIZATION_LEVEL = "-Onone";
			};
			name = Debug;
		};
		EC713B2F28FEFE2D0007B487 /* Release */ = {
			isa = XCBuildConfiguration;
			buildSettings = {
				ALWAYS_SEARCH_USER_PATHS = NO;
				CLANG_ANALYZER_NONNULL = YES;
				CLANG_ANALYZER_NUMBER_OBJECT_CONVERSION = YES_AGGRESSIVE;
				CLANG_CXX_LANGUAGE_STANDARD = "gnu++17";
				CLANG_ENABLE_MODULES = YES;
				CLANG_ENABLE_OBJC_ARC = YES;
				CLANG_ENABLE_OBJC_WEAK = YES;
				CLANG_WARN_BLOCK_CAPTURE_AUTORELEASING = YES;
				CLANG_WARN_BOOL_CONVERSION = YES;
				CLANG_WARN_COMMA = YES;
				CLANG_WARN_CONSTANT_CONVERSION = YES;
				CLANG_WARN_DEPRECATED_OBJC_IMPLEMENTATIONS = YES;
				CLANG_WARN_DIRECT_OBJC_ISA_USAGE = YES_ERROR;
				CLANG_WARN_DOCUMENTATION_COMMENTS = YES;
				CLANG_WARN_EMPTY_BODY = YES;
				CLANG_WARN_ENUM_CONVERSION = YES;
				CLANG_WARN_INFINITE_RECURSION = YES;
				CLANG_WARN_INT_CONVERSION = YES;
				CLANG_WARN_NON_LITERAL_NULL_CONVERSION = YES;
				CLANG_WARN_OBJC_IMPLICIT_RETAIN_SELF = YES;
				CLANG_WARN_OBJC_LITERAL_CONVERSION = YES;
				CLANG_WARN_OBJC_ROOT_CLASS = YES_ERROR;
				CLANG_WARN_QUOTED_INCLUDE_IN_FRAMEWORK_HEADER = YES;
				CLANG_WARN_RANGE_LOOP_ANALYSIS = YES;
				CLANG_WARN_STRICT_PROTOTYPES = YES;
				CLANG_WARN_SUSPICIOUS_MOVE = YES;
				CLANG_WARN_UNGUARDED_AVAILABILITY = YES_AGGRESSIVE;
				CLANG_WARN_UNREACHABLE_CODE = YES;
				CLANG_WARN__DUPLICATE_METHOD_MATCH = YES;
				COPY_PHASE_STRIP = NO;
				DEBUG_INFORMATION_FORMAT = "dwarf-with-dsym";
				ENABLE_NS_ASSERTIONS = NO;
				ENABLE_STRICT_OBJC_MSGSEND = YES;
				"EXCLUDED_ARCHS[sdk=iphonesimulator*]" = arm64;
				GCC_C_LANGUAGE_STANDARD = gnu11;
				GCC_NO_COMMON_BLOCKS = YES;
				GCC_WARN_64_TO_32_BIT_CONVERSION = YES;
				GCC_WARN_ABOUT_RETURN_TYPE = YES_ERROR;
				GCC_WARN_UNDECLARED_SELECTOR = YES;
				GCC_WARN_UNINITIALIZED_AUTOS = YES_AGGRESSIVE;
				GCC_WARN_UNUSED_FUNCTION = YES;
				GCC_WARN_UNUSED_VARIABLE = YES;
				IPHONEOS_DEPLOYMENT_TARGET = 15.5;
				MTL_ENABLE_DEBUG_INFO = NO;
				MTL_FAST_MATH = YES;
				SDKROOT = iphoneos;
				SWIFT_COMPILATION_MODE = wholemodule;
				SWIFT_OPTIMIZATION_LEVEL = "-O";
				VALIDATE_PRODUCT = YES;
			};
			name = Release;
		};
		EC713B3128FEFE2D0007B487 /* Debug */ = {
			isa = XCBuildConfiguration;
			baseConfigurationReference = A081B10F3295E8DE1BE4051B /* Pods-MapTest.debug.xcconfig */;
			buildSettings = {
				ASSETCATALOG_COMPILER_APPICON_NAME = AppIcon;
				ASSETCATALOG_COMPILER_GLOBAL_ACCENT_COLOR_NAME = AccentColor;
				CODE_SIGN_STYLE = Automatic;
				CURRENT_PROJECT_VERSION = 1;
				DEVELOPMENT_TEAM = RQHZUCMHSH;
				GENERATE_INFOPLIST_FILE = YES;
				INFOPLIST_FILE = MapTest/Info.plist;
				INFOPLIST_KEY_UIApplicationSupportsIndirectInputEvents = YES;
				INFOPLIST_KEY_UILaunchStoryboardName = LaunchScreen;
				INFOPLIST_KEY_UISupportedInterfaceOrientations_iPad = "UIInterfaceOrientationPortrait UIInterfaceOrientationPortraitUpsideDown UIInterfaceOrientationLandscapeLeft UIInterfaceOrientationLandscapeRight";
				INFOPLIST_KEY_UISupportedInterfaceOrientations_iPhone = "UIInterfaceOrientationPortrait UIInterfaceOrientationLandscapeLeft UIInterfaceOrientationLandscapeRight";
				LD_RUNPATH_SEARCH_PATHS = (
					"$(inherited)",
					"@executable_path/Frameworks",
				);
				MARKETING_VERSION = 1.0;
				PRODUCT_BUNDLE_IDENTIFIER = seungchan.MapTest;
				PRODUCT_NAME = "$(TARGET_NAME)";
				SWIFT_EMIT_LOC_STRINGS = YES;
				SWIFT_VERSION = 5.0;
				TARGETED_DEVICE_FAMILY = "1,2";
				VALIDATE_WORKSPACE = YES;
			};
			name = Debug;
		};
		EC713B3228FEFE2D0007B487 /* Release */ = {
			isa = XCBuildConfiguration;
			baseConfigurationReference = AED84BD553F8099B30C57390 /* Pods-MapTest.release.xcconfig */;
			buildSettings = {
				ASSETCATALOG_COMPILER_APPICON_NAME = AppIcon;
				ASSETCATALOG_COMPILER_GLOBAL_ACCENT_COLOR_NAME = AccentColor;
				CODE_SIGN_STYLE = Automatic;
				CURRENT_PROJECT_VERSION = 1;
				DEVELOPMENT_TEAM = RQHZUCMHSH;
				GENERATE_INFOPLIST_FILE = YES;
				INFOPLIST_FILE = MapTest/Info.plist;
				INFOPLIST_KEY_UIApplicationSupportsIndirectInputEvents = YES;
				INFOPLIST_KEY_UILaunchStoryboardName = LaunchScreen;
				INFOPLIST_KEY_UISupportedInterfaceOrientations_iPad = "UIInterfaceOrientationPortrait UIInterfaceOrientationPortraitUpsideDown UIInterfaceOrientationLandscapeLeft UIInterfaceOrientationLandscapeRight";
				INFOPLIST_KEY_UISupportedInterfaceOrientations_iPhone = "UIInterfaceOrientationPortrait UIInterfaceOrientationLandscapeLeft UIInterfaceOrientationLandscapeRight";
				LD_RUNPATH_SEARCH_PATHS = (
					"$(inherited)",
					"@executable_path/Frameworks",
				);
				MARKETING_VERSION = 1.0;
				PRODUCT_BUNDLE_IDENTIFIER = seungchan.MapTest;
				PRODUCT_NAME = "$(TARGET_NAME)";
				SWIFT_EMIT_LOC_STRINGS = YES;
				SWIFT_VERSION = 5.0;
				TARGETED_DEVICE_FAMILY = "1,2";
				VALIDATE_WORKSPACE = YES;
			};
			name = Release;
		};
		EC713B3428FEFE2D0007B487 /* Debug */ = {
			isa = XCBuildConfiguration;
			baseConfigurationReference = 42EEEB28A60AFCFCD23F4F65 /* Pods-MapTestTests.debug.xcconfig */;
			buildSettings = {
				ALWAYS_EMBED_SWIFT_STANDARD_LIBRARIES = YES;
				BUNDLE_LOADER = "$(TEST_HOST)";
				CODE_SIGN_STYLE = Automatic;
				CURRENT_PROJECT_VERSION = 1;
				DEVELOPMENT_TEAM = RQHZUCMHSH;
				GENERATE_INFOPLIST_FILE = YES;
				IPHONEOS_DEPLOYMENT_TARGET = 15.5;
				MARKETING_VERSION = 1.0;
				PRODUCT_BUNDLE_IDENTIFIER = seungchan.MapTestTests;
				PRODUCT_NAME = "$(TARGET_NAME)";
				SWIFT_EMIT_LOC_STRINGS = NO;
				SWIFT_VERSION = 5.0;
				TARGETED_DEVICE_FAMILY = "1,2";
				TEST_HOST = "$(BUILT_PRODUCTS_DIR)/MapTest.app/MapTest";
			};
			name = Debug;
		};
		EC713B3528FEFE2D0007B487 /* Release */ = {
			isa = XCBuildConfiguration;
			baseConfigurationReference = 9D6A14A958454093591BB3CA /* Pods-MapTestTests.release.xcconfig */;
			buildSettings = {
				ALWAYS_EMBED_SWIFT_STANDARD_LIBRARIES = YES;
				BUNDLE_LOADER = "$(TEST_HOST)";
				CODE_SIGN_STYLE = Automatic;
				CURRENT_PROJECT_VERSION = 1;
				DEVELOPMENT_TEAM = RQHZUCMHSH;
				GENERATE_INFOPLIST_FILE = YES;
				IPHONEOS_DEPLOYMENT_TARGET = 15.5;
				MARKETING_VERSION = 1.0;
				PRODUCT_BUNDLE_IDENTIFIER = seungchan.MapTestTests;
				PRODUCT_NAME = "$(TARGET_NAME)";
				SWIFT_EMIT_LOC_STRINGS = NO;
				SWIFT_VERSION = 5.0;
				TARGETED_DEVICE_FAMILY = "1,2";
				TEST_HOST = "$(BUILT_PRODUCTS_DIR)/MapTest.app/MapTest";
			};
			name = Release;
		};
		EC713B3728FEFE2D0007B487 /* Debug */ = {
			isa = XCBuildConfiguration;
			baseConfigurationReference = 8F4B59901468840208886BBC /* Pods-MapTest-MapTestUITests.debug.xcconfig */;
			buildSettings = {
				ALWAYS_EMBED_SWIFT_STANDARD_LIBRARIES = YES;
				CODE_SIGN_STYLE = Automatic;
				CURRENT_PROJECT_VERSION = 1;
				DEVELOPMENT_TEAM = RQHZUCMHSH;
				GENERATE_INFOPLIST_FILE = YES;
				MARKETING_VERSION = 1.0;
				PRODUCT_BUNDLE_IDENTIFIER = seungchan.MapTestUITests;
				PRODUCT_NAME = "$(TARGET_NAME)";
				SWIFT_EMIT_LOC_STRINGS = NO;
				SWIFT_VERSION = 5.0;
				TARGETED_DEVICE_FAMILY = "1,2";
				TEST_TARGET_NAME = MapTest;
			};
			name = Debug;
		};
		EC713B3828FEFE2D0007B487 /* Release */ = {
			isa = XCBuildConfiguration;
			baseConfigurationReference = B80137767FCEE4B57BB7C226 /* Pods-MapTest-MapTestUITests.release.xcconfig */;
			buildSettings = {
				ALWAYS_EMBED_SWIFT_STANDARD_LIBRARIES = YES;
				CODE_SIGN_STYLE = Automatic;
				CURRENT_PROJECT_VERSION = 1;
				DEVELOPMENT_TEAM = RQHZUCMHSH;
				GENERATE_INFOPLIST_FILE = YES;
				MARKETING_VERSION = 1.0;
				PRODUCT_BUNDLE_IDENTIFIER = seungchan.MapTestUITests;
				PRODUCT_NAME = "$(TARGET_NAME)";
				SWIFT_EMIT_LOC_STRINGS = NO;
				SWIFT_VERSION = 5.0;
				TARGETED_DEVICE_FAMILY = "1,2";
				TEST_TARGET_NAME = MapTest;
			};
			name = Release;
		};
/* End XCBuildConfiguration section */

/* Begin XCConfigurationList section */
		EC713B0128FEFE2B0007B487 /* Build configuration list for PBXProject "MapTest" */ = {
			isa = XCConfigurationList;
			buildConfigurations = (
				EC713B2E28FEFE2D0007B487 /* Debug */,
				EC713B2F28FEFE2D0007B487 /* Release */,
			);
			defaultConfigurationIsVisible = 0;
			defaultConfigurationName = Release;
		};
		EC713B3028FEFE2D0007B487 /* Build configuration list for PBXNativeTarget "MapTest" */ = {
			isa = XCConfigurationList;
			buildConfigurations = (
				EC713B3128FEFE2D0007B487 /* Debug */,
				EC713B3228FEFE2D0007B487 /* Release */,
			);
			defaultConfigurationIsVisible = 0;
			defaultConfigurationName = Release;
		};
		EC713B3328FEFE2D0007B487 /* Build configuration list for PBXNativeTarget "MapTestTests" */ = {
			isa = XCConfigurationList;
			buildConfigurations = (
				EC713B3428FEFE2D0007B487 /* Debug */,
				EC713B3528FEFE2D0007B487 /* Release */,
			);
			defaultConfigurationIsVisible = 0;
			defaultConfigurationName = Release;
		};
		EC713B3628FEFE2D0007B487 /* Build configuration list for PBXNativeTarget "MapTestUITests" */ = {
			isa = XCConfigurationList;
			buildConfigurations = (
				EC713B3728FEFE2D0007B487 /* Debug */,
				EC713B3828FEFE2D0007B487 /* Release */,
			);
			defaultConfigurationIsVisible = 0;
			defaultConfigurationName = Release;
		};
/* End XCConfigurationList section */
	};
	rootObject = EC713AFE28FEFE2B0007B487 /* Project object */;
}
